
Microsoft Visual Studio Solution File, Format Version 12.00
# Visual Studio Version 16
VisualStudioVersion = 16.0.29215.179
MinimumVisualStudioVersion = 10.0.40219.1
Project("{9A19103F-16F7-4668-BE54-9A1E7A4F7556}") = "BlobSagaPersistence", "BlobSagaPersistence\BlobSagaPersistence.csproj", "{5989F258-AA83-445D-8C9B-114951EF4C96}"
EndProject
Project("{FAE04EC0-301F-11D3-BF4B-00C04F79EFBC}") = "BlobSagaSpike", "BlobSagaSpike\BlobSagaSpike.csproj", "{D176383B-A3E2-4836-AA2D-FD82A7E9434C}"
EndProject
Global
	GlobalSection(SolutionConfigurationPlatforms) = preSolution
		Debug|Any CPU = Debug|Any CPU
		Release|Any CPU = Release|Any CPU
	EndGlobalSection
	GlobalSection(ProjectConfigurationPlatforms) = postSolution
		{5989F258-AA83-445D-8C9B-114951EF4C96}.Debug|Any CPU.ActiveCfg = Debug|Any CPU
		{5989F258-AA83-445D-8C9B-114951EF4C96}.Debug|Any CPU.Build.0 = Debug|Any CPU
		{5989F258-AA83-445D-8C9B-114951EF4C96}.Release|Any CPU.ActiveCfg = Release|Any CPU
		{5989F258-AA83-445D-8C9B-114951EF4C96}.Release|Any CPU.Build.0 = Release|Any CPU
		{D176383B-A3E2-4836-AA2D-FD82A7E9434C}.Debug|Any CPU.ActiveCfg = Debug|Any CPU
		{D176383B-A3E2-4836-AA2D-FD82A7E9434C}.Debug|Any CPU.Build.0 = Debug|Any CPU
		{D176383B-A3E2-4836-AA2D-FD82A7E9434C}.Release|Any CPU.ActiveCfg = Release|Any CPU
		{D176383B-A3E2-4836-AA2D-FD82A7E9434C}.Release|Any CPU.Build.0 = Release|Any CPU
	EndGlobalSection
	GlobalSection(SolutionProperties) = preSolution
		HideSolutionNode = FALSE
	EndGlobalSection
	GlobalSection(ExtensibilityGlobals) = postSolution
		SolutionGuid = {7676C5C0-02AA-4F61-BA4C-12B0D8218596}
	EndGlobalSection
EndGlobal
